
Microsoft Visual Studio Solution File, Format Version 12.00
# Visual Studio Version 17
VisualStudioVersion = 17.5.33424.131
MinimumVisualStudioVersion = 10.0.40219.1
Project("{FAE04EC0-301F-11D3-BF4B-00C04F79EFBC}") = "iOSSpeakerVsEarpiece.iOS", "iOSSpeakerVsEarpiece.iOS\iOSSpeakerVsEarpiece.iOS.csproj", "{DA7D3EB1-CA28-4543-ABB0-632A193286E5}"
EndProject
Project("{FAE04EC0-301F-11D3-BF4B-00C04F79EFBC}") = "iOSSpeakerVsEarpiece", "iOSSpeakerVsEarpiece\iOSSpeakerVsEarpiece.csproj", "{C6548D48-2E4C-4505-ACD6-840E919FDEF2}"
EndProject
Global
	GlobalSection(SolutionConfigurationPlatforms) = preSolution
		Debug|Any CPU = Debug|Any CPU
		Debug|iPhone = Debug|iPhone
		Debug|iPhoneSimulator = Debug|iPhoneSimulator
		Release|Any CPU = Release|Any CPU
		Release|iPhone = Release|iPhone
		Release|iPhoneSimulator = Release|iPhoneSimulator
	EndGlobalSection
	GlobalSection(ProjectConfigurationPlatforms) = postSolution
		{DA7D3EB1-CA28-4543-ABB0-632A193286E5}.Debug|Any CPU.ActiveCfg = Debug|iPhoneSimulator
		{DA7D3EB1-CA28-4543-ABB0-632A193286E5}.Debug|Any CPU.Build.0 = Debug|iPhoneSimulator
		{DA7D3EB1-CA28-4543-ABB0-632A193286E5}.Debug|Any CPU.Deploy.0 = Debug|iPhoneSimulator
		{DA7D3EB1-CA28-4543-ABB0-632A193286E5}.Debug|iPhone.ActiveCfg = Debug|iPhone
		{DA7D3EB1-CA28-4543-ABB0-632A193286E5}.Debug|iPhone.Build.0 = Debug|iPhone
		{DA7D3EB1-CA28-4543-ABB0-632A193286E5}.Debug|iPhone.Deploy.0 = Debug|iPhone
		{DA7D3EB1-CA28-4543-ABB0-632A193286E5}.Debug|iPhoneSimulator.ActiveCfg = Debug|iPhoneSimulator
		{DA7D3EB1-CA28-4543-ABB0-632A193286E5}.Debug|iPhoneSimulator.Build.0 = Debug|iPhoneSimulator
		{DA7D3EB1-CA28-4543-ABB0-632A193286E5}.Debug|iPhoneSimulator.Deploy.0 = Debug|iPhoneSimulator
		{DA7D3EB1-CA28-4543-ABB0-632A193286E5}.Release|Any CPU.ActiveCfg = Release|iPhoneSimulator
		{DA7D3EB1-CA28-4543-ABB0-632A193286E5}.Release|Any CPU.Build.0 = Release|iPhoneSimulator
		{DA7D3EB1-CA28-4543-ABB0-632A193286E5}.Release|Any CPU.Deploy.0 = Release|iPhoneSimulator
		{DA7D3EB1-CA28-4543-ABB0-632A193286E5}.Release|iPhone.ActiveCfg = Release|iPhone
		{DA7D3EB1-CA28-4543-ABB0-632A193286E5}.Release|iPhone.Build.0 = Release|iPhone
		{DA7D3EB1-CA28-4543-ABB0-632A193286E5}.Release|iPhone.Deploy.0 = Release|iPhone
		{DA7D3EB1-CA28-4543-ABB0-632A193286E5}.Release|iPhoneSimulator.ActiveCfg = Release|iPhoneSimulator
		{DA7D3EB1-CA28-4543-ABB0-632A193286E5}.Release|iPhoneSimulator.Build.0 = Release|iPhoneSimulator
		{DA7D3EB1-CA28-4543-ABB0-632A193286E5}.Release|iPhoneSimulator.Deploy.0 = Release|iPhoneSimulator
		{C6548D48-2E4C-4505-ACD6-840E919FDEF2}.Debug|Any CPU.ActiveCfg = Debug|Any CPU
		{C6548D48-2E4C-4505-ACD6-840E919FDEF2}.Debug|Any CPU.Build.0 = Debug|Any CPU
		{C6548D48-2E4C-4505-ACD6-840E919FDEF2}.Debug|Any CPU.Deploy.0 = Debug|Any CPU
		{C6548D48-2E4C-4505-ACD6-840E919FDEF2}.Debug|iPhone.ActiveCfg = Debug|Any CPU
		{C6548D48-2E4C-4505-ACD6-840E919FDEF2}.Debug|iPhone.Build.0 = Debug|Any CPU
		{C6548D48-2E4C-4505-ACD6-840E919FDEF2}.Debug|iPhone.Deploy.0 = Debug|Any CPU
		{C6548D48-2E4C-4505-ACD6-840E919FDEF2}.Debug|iPhoneSimulator.ActiveCfg = Debug|Any CPU
		{C6548D48-2E4C-4505-ACD6-840E919FDEF2}.Debug|iPhoneSimulator.Build.0 = Debug|Any CPU
		{C6548D48-2E4C-4505-ACD6-840E919FDEF2}.Debug|iPhoneSimulator.Deploy.0 = Debug|Any CPU
		{C6548D48-2E4C-4505-ACD6-840E919FDEF2}.Release|Any CPU.ActiveCfg = Release|Any CPU
		{C6548D48-2E4C-4505-ACD6-840E919FDEF2}.Release|Any CPU.Build.0 = Release|Any CPU
		{C6548D48-2E4C-4505-ACD6-840E919FDEF2}.Release|Any CPU.Deploy.0 = Release|Any CPU
		{C6548D48-2E4C-4505-ACD6-840E919FDEF2}.Release|iPhone.ActiveCfg = Release|Any CPU
		{C6548D48-2E4C-4505-ACD6-840E919FDEF2}.Release|iPhone.Build.0 = Release|Any CPU
		{C6548D48-2E4C-4505-ACD6-840E919FDEF2}.Release|iPhone.Deploy.0 = Release|Any CPU
		{C6548D48-2E4C-4505-ACD6-840E919FDEF2}.Release|iPhoneSimulator.ActiveCfg = Release|Any CPU
		{C6548D48-2E4C-4505-ACD6-840E919FDEF2}.Release|iPhoneSimulator.Build.0 = Release|Any CPU
		{C6548D48-2E4C-4505-ACD6-840E919FDEF2}.Release|iPhoneSimulator.Deploy.0 = Release|Any CPU
	EndGlobalSection
	GlobalSection(SolutionProperties) = preSolution
		HideSolutionNode = FALSE
	EndGlobalSection
	GlobalSection(ExtensibilityGlobals) = postSolution
		SolutionGuid = {6152758A-E878-4899-99B8-8F78230FAD18}
	EndGlobalSection
EndGlobal
